github.com/gorilla/websocket v1.5.3 h1:saDtZ6Pbx/0u+bgYQ3q96pZgCzfhKXGPqt7kZ72aNNg=
github.com/gorilla/websocket v1.5.3/go.mod h1:YR8l580nyteQvAITg2hZ9XVh4b55+EU/adAjf1fMHhE=
github.com/gregdel/pushover v1.3.1 h1:4bMLITOZ15+Zpi6qqoGqOPuVHCwSUvMCgVnN5Xhilfo=
github.com/gregdel/pushover v1.3.1/go.mod h1:EcaO66Nn1StkpEm1iKtBTV3d2A16SoMsVER1PthX7to=
